
Microsoft Visual Studio Solution File, Format Version 12.00
# Visual Studio Version 17
VisualStudioVersion = 17.12.35527.113 d17.12
MinimumVisualStudioVersion = 10.0.40219.1
Project("{FAE04EC0-301F-11D3-BF4B-00C04F79EFBC}") = "lesgriots", "lesgriots.csproj", "{A05DE16D-A6E1-4A42-9E65-A0D572013209}"
EndProject
Project("{FAE04EC0-301F-11D3-BF4B-00C04F79EFBC}") = "Business", "..\Business\Business.csproj", "{E94BABF3-1B18-406C-BA04-E8F0C4D11EF3}"
EndProject
Project("{FAE04EC0-301F-11D3-BF4B-00C04F79EFBC}") = "Model", "..\Model\Model.csproj", "{96CECCAC-F120-468E-93C4-3AB4482F9F45}"
EndProject
Global
	GlobalSection(SolutionConfigurationPlatforms) = preSolution
		Debug|Any CPU = Debug|Any CPU
		Release|Any CPU = Release|Any CPU
	EndGlobalSection
	GlobalSection(ProjectConfigurationPlatforms) = postSolution
		{A05DE16D-A6E1-4A42-9E65-A0D572013209}.Debug|Any CPU.ActiveCfg = Debug|Any CPU
		{A05DE16D-A6E1-4A42-9E65-A0D572013209}.Debug|Any CPU.Build.0 = Debug|Any CPU
		{A05DE16D-A6E1-4A42-9E65-A0D572013209}.Release|Any CPU.ActiveCfg = Release|Any CPU
		{A05DE16D-A6E1-4A42-9E65-A0D572013209}.Release|Any CPU.Build.0 = Release|Any CPU
		{E94BABF3-1B18-406C-BA04-E8F0C4D11EF3}.Debug|Any CPU.ActiveCfg = Debug|Any CPU
		{E94BABF3-1B18-406C-BA04-E8F0C4D11EF3}.Debug|Any CPU.Build.0 = Debug|Any CPU
		{E94BABF3-1B18-406C-BA04-E8F0C4D11EF3}.Release|Any CPU.ActiveCfg = Release|Any CPU
		{E94BABF3-1B18-406C-BA04-E8F0C4D11EF3}.Release|Any CPU.Build.0 = Release|Any CPU
		{96CECCAC-F120-468E-93C4-3AB4482F9F45}.Debug|Any CPU.ActiveCfg = Debug|Any CPU
		{96CECCAC-F120-468E-93C4-3AB4482F9F45}.Debug|Any CPU.Build.0 = Debug|Any CPU
		{96CECCAC-F120-468E-93C4-3AB4482F9F45}.Release|Any CPU.ActiveCfg = Release|Any CPU
		{96CECCAC-F120-468E-93C4-3AB4482F9F45}.Release|Any CPU.Build.0 = Release|Any CPU
	EndGlobalSection
	GlobalSection(SolutionProperties) = preSolution
		HideSolutionNode = FALSE
	EndGlobalSection
EndGlobal
